
Microsoft Visual Studio Solution File, Format Version 12.00
# Visual Studio Version 17
VisualStudioVersion = 17.4.33103.184
MinimumVisualStudioVersion = 10.0.40219.1
Project("{FAE04EC0-301F-11D3-BF4B-00C04F79EFBC}") = "Padarosa 2023barra24", "Padarosa 2023barra24\Padarosa 2023barra24.csproj", "{DCE88B29-9414-498E-83B4-D6E3139B4C14}"
EndProject
Global
	GlobalSection(SolutionConfigurationPlatforms) = preSolution
		Debug|Any CPU = Debug|Any CPU
		Release|Any CPU = Release|Any CPU
	EndGlobalSection
	GlobalSection(ProjectConfigurationPlatforms) = postSolution
		{DCE88B29-9414-498E-83B4-D6E3139B4C14}.Debug|Any CPU.ActiveCfg = Debug|Any CPU
		{DCE88B29-9414-498E-83B4-D6E3139B4C14}.Debug|Any CPU.Build.0 = Debug|Any CPU
		{DCE88B29-9414-498E-83B4-D6E3139B4C14}.Release|Any CPU.ActiveCfg = Release|Any CPU
		{DCE88B29-9414-498E-83B4-D6E3139B4C14}.Release|Any CPU.Build.0 = Release|Any CPU
	EndGlobalSection
	GlobalSection(SolutionProperties) = preSolution
		HideSolutionNode = FALSE
	EndGlobalSection
	GlobalSection(ExtensibilityGlobals) = postSolution
		SolutionGuid = {BC525D77-95C4-4F1A-B16E-A2DF474E4F48}
	EndGlobalSection
EndGlobal
